
Microsoft Visual Studio Solution File, Format Version 12.00
# Visual Studio Version 16
VisualStudioVersion = 16.0.31702.278
MinimumVisualStudioVersion = 10.0.40219.1
Project("{FAE04EC0-301F-11D3-BF4B-00C04F79EFBC}") = "Week1", "Week1\Week1.csproj", "{2F274DF8-1D78-4EA0-BAE3-A13B461642AD}"
EndProject
Global
	GlobalSection(SolutionConfigurationPlatforms) = preSolution
		Debug|Any CPU = Debug|Any CPU
		Release|Any CPU = Release|Any CPU
	EndGlobalSection
	GlobalSection(ProjectConfigurationPlatforms) = postSolution
		{2F274DF8-1D78-4EA0-BAE3-A13B461642AD}.Debug|Any CPU.ActiveCfg = Debug|Any CPU
		{2F274DF8-1D78-4EA0-BAE3-A13B461642AD}.Debug|Any CPU.Build.0 = Debug|Any CPU
		{2F274DF8-1D78-4EA0-BAE3-A13B461642AD}.Release|Any CPU.ActiveCfg = Release|Any CPU
		{2F274DF8-1D78-4EA0-BAE3-A13B461642AD}.Release|Any CPU.Build.0 = Release|Any CPU
	EndGlobalSection
	GlobalSection(SolutionProperties) = preSolution
		HideSolutionNode = FALSE
	EndGlobalSection
	GlobalSection(ExtensibilityGlobals) = postSolution
		SolutionGuid = {BBC93E7D-B2CF-4E72-9285-561ABC37FD37}
	EndGlobalSection
EndGlobal
